
Microsoft Visual Studio Solution File, Format Version 12.00
# Visual Studio 2012
Project("{FAE04EC0-301F-11D3-BF4B-00C04F79EFBC}") = "BISFYS", "BISFYS\BISFYS.csproj", "{DE526593-B0C9-43F9-989B-02EB7B7530F9}"
EndProject
Global
	GlobalSection(SolutionConfigurationPlatforms) = preSolution
		Debug|Any CPU = Debug|Any CPU
		Release|Any CPU = Release|Any CPU
	EndGlobalSection
	GlobalSection(ProjectConfigurationPlatforms) = postSolution
		{DE526593-B0C9-43F9-989B-02EB7B7530F9}.Debug|Any CPU.ActiveCfg = Debug|Any CPU
		{DE526593-B0C9-43F9-989B-02EB7B7530F9}.Debug|Any CPU.Build.0 = Debug|Any CPU
		{DE526593-B0C9-43F9-989B-02EB7B7530F9}.Release|Any CPU.ActiveCfg = Release|Any CPU
		{DE526593-B0C9-43F9-989B-02EB7B7530F9}.Release|Any CPU.Build.0 = Release|Any CPU
	EndGlobalSection
	GlobalSection(SolutionProperties) = preSolution
		HideSolutionNode = FALSE
	EndGlobalSection
EndGlobal
